
Microsoft Visual Studio Solution File, Format Version 12.00
# Visual Studio Version 17
VisualStudioVersion = 17.0.31903.59
MinimumVisualStudioVersion = 10.0.40219.1
Project("{FAE04EC0-301F-11D3-BF4B-00C04F79EFBC}") = "SeatingMS", "SeatingMS\SeatingMS.csproj", "{BC9224D2-429D-4EFF-83B5-D26140839078}"
EndProject
Project("{FAE04EC0-301F-11D3-BF4B-00C04F79EFBC}") = "SeatingMS.Application", "SeatingMS.Application\SeatingMS.Application.csproj", "{F39C4E8E-42CC-4BF3-BDAD-45C6BBE1D1B6}"
EndProject
Project("{FAE04EC0-301F-11D3-BF4B-00C04F79EFBC}") = "SeatingMS.Domain", "SeatingMS.Domain\SeatingMS.Domain.csproj", "{9ECE958D-26E1-41D9-AD67-CF9F3D5C02B3}"
EndProject
Project("{FAE04EC0-301F-11D3-BF4B-00C04F79EFBC}") = "SeatingMS.Infrastructure", "SeatingMS.Infrastructure\SeatingMS.Infrastructure.csproj", "{69912C34-8A0F-48FF-ADE4-9ADE93F3EB1E}"
EndProject
Project("{FAE04EC0-301F-11D3-BF4B-00C04F79EFBC}") = "SeatingMS.Core", "SeatingMS.Core\SeatingMS.Core.csproj", "{9208A387-7E64-4440-B651-B2D75E7A7DFC}"
EndProject
Project("{FAE04EC0-301F-11D3-BF4B-00C04F79EFBC}") = "SeatingMS.Commons", "SeatingMS.Commons\SeatingMS.Commons.csproj", "{A80FE0A7-6F5E-47FD-AC09-7BA29ED097D1}"
EndProject
Project("{FAE04EC0-301F-11D3-BF4B-00C04F79EFBC}") = "SeatingMS.Tests", "SeatingMS.Tests\SeatingMS.Tests.csproj", "{74886350-A761-491D-B446-2DC3C2EFE6E3}"
EndProject
Global
	GlobalSection(SolutionConfigurationPlatforms) = preSolution
		Debug|Any CPU = Debug|Any CPU
		Debug|x64 = Debug|x64
		Debug|x86 = Debug|x86
		Release|Any CPU = Release|Any CPU
		Release|x64 = Release|x64
		Release|x86 = Release|x86
	EndGlobalSection
	GlobalSection(ProjectConfigurationPlatforms) = postSolution
		{BC9224D2-429D-4EFF-83B5-D26140839078}.Debug|Any CPU.ActiveCfg = Debug|Any CPU
		{BC9224D2-429D-4EFF-83B5-D26140839078}.Debug|Any CPU.Build.0 = Debug|Any CPU
		{BC9224D2-429D-4EFF-83B5-D26140839078}.Debug|x64.ActiveCfg = Debug|Any CPU
		{BC9224D2-429D-4EFF-83B5-D26140839078}.Debug|x64.Build.0 = Debug|Any CPU
		{BC9224D2-429D-4EFF-83B5-D26140839078}.Debug|x86.ActiveCfg = Debug|Any CPU
		{BC9224D2-429D-4EFF-83B5-D26140839078}.Debug|x86.Build.0 = Debug|Any CPU
		{BC9224D2-429D-4EFF-83B5-D26140839078}.Release|Any CPU.ActiveCfg = Release|Any CPU
		{BC9224D2-429D-4EFF-83B5-D26140839078}.Release|Any CPU.Build.0 = Release|Any CPU
		{BC9224D2-429D-4EFF-83B5-D26140839078}.Release|x64.ActiveCfg = Release|Any CPU
		{BC9224D2-429D-4EFF-83B5-D26140839078}.Release|x64.Build.0 = Release|Any CPU
		{BC9224D2-429D-4EFF-83B5-D26140839078}.Release|x86.ActiveCfg = Release|Any CPU
		{BC9224D2-429D-4EFF-83B5-D26140839078}.Release|x86.Build.0 = Release|Any CPU
		{F39C4E8E-42CC-4BF3-BDAD-45C6BBE1D1B6}.Debug|Any CPU.ActiveCfg = Debug|Any CPU
		{F39C4E8E-42CC-4BF3-BDAD-45C6BBE1D1B6}.Debug|Any CPU.Build.0 = Debug|Any CPU
		{F39C4E8E-42CC-4BF3-BDAD-45C6BBE1D1B6}.Debug|x64.ActiveCfg = Debug|Any CPU
		{F39C4E8E-42CC-4BF3-BDAD-45C6BBE1D1B6}.Debug|x64.Build.0 = Debug|Any CPU
		{F39C4E8E-42CC-4BF3-BDAD-45C6BBE1D1B6}.Debug|x86.ActiveCfg = Debug|Any CPU
		{F39C4E8E-42CC-4BF3-BDAD-45C6BBE1D1B6}.Debug|x86.Build.0 = Debug|Any CPU
		{F39C4E8E-42CC-4BF3-BDAD-45C6BBE1D1B6}.Release|Any CPU.ActiveCfg = Release|Any CPU
		{F39C4E8E-42CC-4BF3-BDAD-45C6BBE1D1B6}.Release|Any CPU.Build.0 = Release|Any CPU
		{F39C4E8E-42CC-4BF3-BDAD-45C6BBE1D1B6}.Release|x64.ActiveCfg = Release|Any CPU
		{F39C4E8E-42CC-4BF3-BDAD-45C6BBE1D1B6}.Release|x64.Build.0 = Release|Any CPU
		{F39C4E8E-42CC-4BF3-BDAD-45C6BBE1D1B6}.Release|x86.ActiveCfg = Release|Any CPU
		{F39C4E8E-42CC-4BF3-BDAD-45C6BBE1D1B6}.Release|x86.Build.0 = Release|Any CPU
		{9ECE958D-26E1-41D9-AD67-CF9F3D5C02B3}.Debug|Any CPU.ActiveCfg = Debug|Any CPU
		{9ECE958D-26E1-41D9-AD67-CF9F3D5C02B3}.Debug|Any CPU.Build.0 = Debug|Any CPU
		{9ECE958D-26E1-41D9-AD67-CF9F3D5C02B3}.Debug|x64.ActiveCfg = Debug|Any CPU
		{9ECE958D-26E1-41D9-AD67-CF9F3D5C02B3}.Debug|x64.Build.0 = Debug|Any CPU
		{9ECE958D-26E1-41D9-AD67-CF9F3D5C02B3}.Debug|x86.ActiveCfg = Debug|Any CPU
		{9ECE958D-26E1-41D9-AD67-CF9F3D5C02B3}.Debug|x86.Build.0 = Debug|Any CPU
		{9ECE958D-26E1-41D9-AD67-CF9F3D5C02B3}.Release|Any CPU.ActiveCfg = Release|Any CPU
		{9ECE958D-26E1-41D9-AD67-CF9F3D5C02B3}.Release|Any CPU.Build.0 = Release|Any CPU
		{9ECE958D-26E1-41D9-AD67-CF9F3D5C02B3}.Release|x64.ActiveCfg = Release|Any CPU
		{9ECE958D-26E1-41D9-AD67-CF9F3D5C02B3}.Release|x64.Build.0 = Release|Any CPU
		{9ECE958D-26E1-41D9-AD67-CF9F3D5C02B3}.Release|x86.ActiveCfg = Release|Any CPU
		{9ECE958D-26E1-41D9-AD67-CF9F3D5C02B3}.Release|x86.Build.0 = Release|Any CPU
		{69912C34-8A0F-48FF-ADE4-9ADE93F3EB1E}.Debug|Any CPU.ActiveCfg = Debug|Any CPU
		{69912C34-8A0F-48FF-ADE4-9ADE93F3EB1E}.Debug|Any CPU.Build.0 = Debug|Any CPU
		{69912C34-8A0F-48FF-ADE4-9ADE93F3EB1E}.Debug|x64.ActiveCfg = Debug|Any CPU
		{69912C34-8A0F-48FF-ADE4-9ADE93F3EB1E}.Debug|x64.Build.0 = Debug|Any CPU
		{69912C34-8A0F-48FF-ADE4-9ADE93F3EB1E}.Debug|x86.ActiveCfg = Debug|Any CPU
		{69912C34-8A0F-48FF-ADE4-9ADE93F3EB1E}.Debug|x86.Build.0 = Debug|Any CPU
		{69912C34-8A0F-48FF-ADE4-9ADE93F3EB1E}.Release|Any CPU.ActiveCfg = Release|Any CPU
		{69912C34-8A0F-48FF-ADE4-9ADE93F3EB1E}.Release|Any CPU.Build.0 = Release|Any CPU
		{69912C34-8A0F-48FF-ADE4-9ADE93F3EB1E}.Release|x64.ActiveCfg = Release|Any CPU
		{69912C34-8A0F-48FF-ADE4-9ADE93F3EB1E}.Release|x64.Build.0 = Release|Any CPU
		{69912C34-8A0F-48FF-ADE4-9ADE93F3EB1E}.Release|x86.ActiveCfg = Release|Any CPU
		{69912C34-8A0F-48FF-ADE4-9ADE93F3EB1E}.Release|x86.Build.0 = Release|Any CPU
		{9208A387-7E64-4440-B651-B2D75E7A7DFC}.Debug|Any CPU.ActiveCfg = Debug|Any CPU
		{9208A387-7E64-4440-B651-B2D75E7A7DFC}.Debug|Any CPU.Build.0 = Debug|Any CPU
		{9208A387-7E64-4440-B651-B2D75E7A7DFC}.Debug|x64.ActiveCfg = Debug|Any CPU
		{9208A387-7E64-4440-B651-B2D75E7A7DFC}.Debug|x64.Build.0 = Debug|Any CPU
		{9208A387-7E64-4440-B651-B2D75E7A7DFC}.Debug|x86.ActiveCfg = Debug|Any CPU
		{9208A387-7E64-4440-B651-B2D75E7A7DFC}.Debug|x86.Build.0 = Debug|Any CPU
		{9208A387-7E64-4440-B651-B2D75E7A7DFC}.Release|Any CPU.ActiveCfg = Release|Any CPU
		{9208A387-7E64-4440-B651-B2D75E7A7DFC}.Release|Any CPU.Build.0 = Release|Any CPU
		{9208A387-7E64-4440-B651-B2D75E7A7DFC}.Release|x64.ActiveCfg = Release|Any CPU
		{9208A387-7E64-4440-B651-B2D75E7A7DFC}.Release|x64.Build.0 = Release|Any CPU
		{9208A387-7E64-4440-B651-B2D75E7A7DFC}.Release|x86.ActiveCfg = Release|Any CPU
		{9208A387-7E64-4440-B651-B2D75E7A7DFC}.Release|x86.Build.0 = Release|Any CPU
		{A80FE0A7-6F5E-47FD-AC09-7BA29ED097D1}.Debug|Any CPU.ActiveCfg = Debug|Any CPU
		{A80FE0A7-6F5E-47FD-AC09-7BA29ED097D1}.Debug|Any CPU.Build.0 = Debug|Any CPU
		{A80FE0A7-6F5E-47FD-AC09-7BA29ED097D1}.Debug|x64.ActiveCfg = Debug|Any CPU
		{A80FE0A7-6F5E-47FD-AC09-7BA29ED097D1}.Debug|x64.Build.0 = Debug|Any CPU
		{A80FE0A7-6F5E-47FD-AC09-7BA29ED097D1}.Debug|x86.ActiveCfg = Debug|Any CPU
		{A80FE0A7-6F5E-47FD-AC09-7BA29ED097D1}.Debug|x86.Build.0 = Debug|Any CPU
		{A80FE0A7-6F5E-47FD-AC09-7BA29ED097D1}.Release|Any CPU.ActiveCfg = Release|Any CPU
		{A80FE0A7-6F5E-47FD-AC09-7BA29ED097D1}.Release|Any CPU.Build.0 = Release|Any CPU
		{A80FE0A7-6F5E-47FD-AC09-7BA29ED097D1}.Release|x64.ActiveCfg = Release|Any CPU
		{A80FE0A7-6F5E-47FD-AC09-7BA29ED097D1}.Release|x64.Build.0 = Release|Any CPU
		{A80FE0A7-6F5E-47FD-AC09-7BA29ED097D1}.Release|x86.ActiveCfg = Release|Any CPU
		{A80FE0A7-6F5E-47FD-AC09-7BA29ED097D1}.Release|x86.Build.0 = Release|Any CPU
		{74886350-A761-491D-B446-2DC3C2EFE6E3}.Debug|Any CPU.ActiveCfg = Debug|Any CPU
		{74886350-A761-491D-B446-2DC3C2EFE6E3}.Debug|Any CPU.Build.0 = Debug|Any CPU
		{74886350-A761-491D-B446-2DC3C2EFE6E3}.Debug|x64.ActiveCfg = Debug|Any CPU
		{74886350-A761-491D-B446-2DC3C2EFE6E3}.Debug|x64.Build.0 = Debug|Any CPU
		{74886350-A761-491D-B446-2DC3C2EFE6E3}.Debug|x86.ActiveCfg = Debug|Any CPU
		{74886350-A761-491D-B446-2DC3C2EFE6E3}.Debug|x86.Build.0 = Debug|Any CPU
		{74886350-A761-491D-B446-2DC3C2EFE6E3}.Release|Any CPU.ActiveCfg = Release|Any CPU
		{74886350-A761-491D-B446-2DC3C2EFE6E3}.Release|Any CPU.Build.0 = Release|Any CPU
		{74886350-A761-491D-B446-2DC3C2EFE6E3}.Release|x64.ActiveCfg = Release|Any CPU
		{74886350-A761-491D-B446-2DC3C2EFE6E3}.Release|x64.Build.0 = Release|Any CPU
		{74886350-A761-491D-B446-2DC3C2EFE6E3}.Release|x86.ActiveCfg = Release|Any CPU
		{74886350-A761-491D-B446-2DC3C2EFE6E3}.Release|x86.Build.0 = Release|Any CPU
	EndGlobalSection
	GlobalSection(SolutionProperties) = preSolution
		HideSolutionNode = FALSE
	EndGlobalSection
EndGlobal
